
Microsoft Visual Studio Solution File, Format Version 12.00
# Visual Studio Version 16
VisualStudioVersion = 16.0.29418.71
MinimumVisualStudioVersion = 10.0.40219.1
Project("{FAE04EC0-301F-11D3-BF4B-00C04F79EFBC}") = "FakeNewsDetectionCache.EntitiesDiagram", "FakeNewsDetectionCache.EntitiesDiagram\FakeNewsDetectionCache.EntitiesDiagram.csproj", "{277D5976-9C1A-4553-BA93-3BB43AF0A584}"
EndProject
Project("{9A19103F-16F7-4668-BE54-9A1E7A4F7556}") = "FakeNewsDetectionCache.Entities", "FakeNewsDetectionCache.Entities\FakeNewsDetectionCache.Entities.csproj", "{88FB3666-0C64-4AEA-97F5-AFAB5063B92B}"
EndProject
Project("{9A19103F-16F7-4668-BE54-9A1E7A4F7556}") = "FakeNewsDetectionCache.Service", "FakeNewsDetectionCache.Service\FakeNewsDetectionCache.Service.csproj", "{5BA5EB89-6B61-4834-9932-B6FF8CF0AC5E}"
EndProject
Project("{9A19103F-16F7-4668-BE54-9A1E7A4F7556}") = "FakeNewsDetectionCache.Interfaces", "FakeNewsDetectionCache.Interfaces\FakeNewsDetectionCache.Interfaces.csproj", "{CF327BAB-B431-4838-8199-749BD86A4B9A}"
EndProject
Project("{9A19103F-16F7-4668-BE54-9A1E7A4F7556}") = "FakeNewsDetectionCache.API", "FakeNewsDetectionCache.API\FakeNewsDetectionCache.API.csproj", "{16BCB83C-21D0-4CF6-8F9F-725E7E992C82}"
EndProject
Project("{9A19103F-16F7-4668-BE54-9A1E7A4F7556}") = "FakeNewsDetectionCache.Aspects", "FakeNewsDetectionCache.Aspects\FakeNewsDetectionCache.Aspects.csproj", "{97ADB5E9-0DEE-4D4E-8BEC-2F28762AEF5E}"
EndProject
Project("{9A19103F-16F7-4668-BE54-9A1E7A4F7556}") = "FakeNewsDetectionCache.Authentication", "FakeNewsDetectionCache.Authentication\FakeNewsDetectionCache.Authentication.csproj", "{972E29FD-29A1-4728-8825-5AAAE4469941}"
EndProject
Project("{9A19103F-16F7-4668-BE54-9A1E7A4F7556}") = "FakeNewsDetectionCache.Tests", "FakeNewsDetectionCache.Tests\FakeNewsDetectionCache.Tests.csproj", "{1F32FD71-2878-4C66-AC54-4436AE181EF0}"
EndProject
Global
	GlobalSection(SolutionConfigurationPlatforms) = preSolution
		Debug|Any CPU = Debug|Any CPU
		Release|Any CPU = Release|Any CPU
	EndGlobalSection
	GlobalSection(ProjectConfigurationPlatforms) = postSolution
		{277D5976-9C1A-4553-BA93-3BB43AF0A584}.Debug|Any CPU.ActiveCfg = Debug|Any CPU
		{277D5976-9C1A-4553-BA93-3BB43AF0A584}.Debug|Any CPU.Build.0 = Debug|Any CPU
		{277D5976-9C1A-4553-BA93-3BB43AF0A584}.Release|Any CPU.ActiveCfg = Release|Any CPU
		{277D5976-9C1A-4553-BA93-3BB43AF0A584}.Release|Any CPU.Build.0 = Release|Any CPU
		{88FB3666-0C64-4AEA-97F5-AFAB5063B92B}.Debug|Any CPU.ActiveCfg = Debug|Any CPU
		{88FB3666-0C64-4AEA-97F5-AFAB5063B92B}.Debug|Any CPU.Build.0 = Debug|Any CPU
		{88FB3666-0C64-4AEA-97F5-AFAB5063B92B}.Release|Any CPU.ActiveCfg = Release|Any CPU
		{88FB3666-0C64-4AEA-97F5-AFAB5063B92B}.Release|Any CPU.Build.0 = Release|Any CPU
		{5BA5EB89-6B61-4834-9932-B6FF8CF0AC5E}.Debug|Any CPU.ActiveCfg = Debug|Any CPU
		{5BA5EB89-6B61-4834-9932-B6FF8CF0AC5E}.Debug|Any CPU.Build.0 = Debug|Any CPU
		{5BA5EB89-6B61-4834-9932-B6FF8CF0AC5E}.Release|Any CPU.ActiveCfg = Release|Any CPU
		{5BA5EB89-6B61-4834-9932-B6FF8CF0AC5E}.Release|Any CPU.Build.0 = Release|Any CPU
		{CF327BAB-B431-4838-8199-749BD86A4B9A}.Debug|Any CPU.ActiveCfg = Debug|Any CPU
		{CF327BAB-B431-4838-8199-749BD86A4B9A}.Debug|Any CPU.Build.0 = Debug|Any CPU
		{CF327BAB-B431-4838-8199-749BD86A4B9A}.Release|Any CPU.ActiveCfg = Release|Any CPU
		{CF327BAB-B431-4838-8199-749BD86A4B9A}.Release|Any CPU.Build.0 = Release|Any CPU
		{16BCB83C-21D0-4CF6-8F9F-725E7E992C82}.Debug|Any CPU.ActiveCfg = Debug|Any CPU
		{16BCB83C-21D0-4CF6-8F9F-725E7E992C82}.Debug|Any CPU.Build.0 = Debug|Any CPU
		{16BCB83C-21D0-4CF6-8F9F-725E7E992C82}.Release|Any CPU.ActiveCfg = Release|Any CPU
		{16BCB83C-21D0-4CF6-8F9F-725E7E992C82}.Release|Any CPU.Build.0 = Release|Any CPU
		{97ADB5E9-0DEE-4D4E-8BEC-2F28762AEF5E}.Debug|Any CPU.ActiveCfg = Debug|Any CPU
		{97ADB5E9-0DEE-4D4E-8BEC-2F28762AEF5E}.Debug|Any CPU.Build.0 = Debug|Any CPU
		{97ADB5E9-0DEE-4D4E-8BEC-2F28762AEF5E}.Release|Any CPU.ActiveCfg = Release|Any CPU
		{97ADB5E9-0DEE-4D4E-8BEC-2F28762AEF5E}.Release|Any CPU.Build.0 = Release|Any CPU
		{972E29FD-29A1-4728-8825-5AAAE4469941}.Debug|Any CPU.ActiveCfg = Debug|Any CPU
		{972E29FD-29A1-4728-8825-5AAAE4469941}.Debug|Any CPU.Build.0 = Debug|Any CPU
		{972E29FD-29A1-4728-8825-5AAAE4469941}.Release|Any CPU.ActiveCfg = Release|Any CPU
		{972E29FD-29A1-4728-8825-5AAAE4469941}.Release|Any CPU.Build.0 = Release|Any CPU
		{1F32FD71-2878-4C66-AC54-4436AE181EF0}.Debug|Any CPU.ActiveCfg = Debug|Any CPU
		{1F32FD71-2878-4C66-AC54-4436AE181EF0}.Debug|Any CPU.Build.0 = Debug|Any CPU
		{1F32FD71-2878-4C66-AC54-4436AE181EF0}.Release|Any CPU.ActiveCfg = Release|Any CPU
		{1F32FD71-2878-4C66-AC54-4436AE181EF0}.Release|Any CPU.Build.0 = Release|Any CPU
	EndGlobalSection
	GlobalSection(SolutionProperties) = preSolution
		HideSolutionNode = FALSE
	EndGlobalSection
	GlobalSection(ExtensibilityGlobals) = postSolution
		SolutionGuid = {706DE437-6F48-4C6C-AD4C-A4003FD6CF32}
	EndGlobalSection
EndGlobal
